
Microsoft Visual Studio Solution File, Format Version 12.00
# Visual Studio Version 16
VisualStudioVersion = 16.0.30804.86
MinimumVisualStudioVersion = 10.0.40219.1
Project("{9A19103F-16F7-4668-BE54-9A1E7A4F7556}") = "MineRun.Game", "MineRun.Game\MineRun.Game.csproj", "{1764C7F9-790C-47A8-B711-DA2C8AFD72C6}"
EndProject
Project("{9A19103F-16F7-4668-BE54-9A1E7A4F7556}") = "MineRun.Game.Tests", "MineRun.Game.Tests\MineRun.Game.Tests.csproj", "{27C3A412-77F8-487D-A7CD-551198234401}"
EndProject
Project("{9A19103F-16F7-4668-BE54-9A1E7A4F7556}") = "MineRun.API", "MineRun.API\MineRun.API.csproj", "{A82A60FB-21F4-44D0-97C6-0861541526B6}"
EndProject
Project("{9A19103F-16F7-4668-BE54-9A1E7A4F7556}") = "MineRun.Client.Console", "MineRun.Client.Console\MineRun.Client.Console.csproj", "{FE7C0581-C075-407F-89F8-976E9F4CCE55}"
EndProject
Project("{FAE04EC0-301F-11D3-BF4B-00C04F79EFBC}") = "MineRun.Shared", "MineRun.Shared\MineRun.Shared.csproj", "{BC14775E-0987-4361-A281-B730147E6991}"
EndProject
Global
	GlobalSection(SolutionConfigurationPlatforms) = preSolution
		Debug|Any CPU = Debug|Any CPU
		Release|Any CPU = Release|Any CPU
	EndGlobalSection
	GlobalSection(ProjectConfigurationPlatforms) = postSolution
		{1764C7F9-790C-47A8-B711-DA2C8AFD72C6}.Debug|Any CPU.ActiveCfg = Debug|Any CPU
		{1764C7F9-790C-47A8-B711-DA2C8AFD72C6}.Debug|Any CPU.Build.0 = Debug|Any CPU
		{1764C7F9-790C-47A8-B711-DA2C8AFD72C6}.Release|Any CPU.ActiveCfg = Release|Any CPU
		{1764C7F9-790C-47A8-B711-DA2C8AFD72C6}.Release|Any CPU.Build.0 = Release|Any CPU
		{27C3A412-77F8-487D-A7CD-551198234401}.Debug|Any CPU.ActiveCfg = Debug|Any CPU
		{27C3A412-77F8-487D-A7CD-551198234401}.Debug|Any CPU.Build.0 = Debug|Any CPU
		{27C3A412-77F8-487D-A7CD-551198234401}.Release|Any CPU.ActiveCfg = Release|Any CPU
		{27C3A412-77F8-487D-A7CD-551198234401}.Release|Any CPU.Build.0 = Release|Any CPU
		{A82A60FB-21F4-44D0-97C6-0861541526B6}.Debug|Any CPU.ActiveCfg = Debug|Any CPU
		{A82A60FB-21F4-44D0-97C6-0861541526B6}.Debug|Any CPU.Build.0 = Debug|Any CPU
		{A82A60FB-21F4-44D0-97C6-0861541526B6}.Release|Any CPU.ActiveCfg = Release|Any CPU
		{A82A60FB-21F4-44D0-97C6-0861541526B6}.Release|Any CPU.Build.0 = Release|Any CPU
		{FE7C0581-C075-407F-89F8-976E9F4CCE55}.Debug|Any CPU.ActiveCfg = Debug|Any CPU
		{FE7C0581-C075-407F-89F8-976E9F4CCE55}.Debug|Any CPU.Build.0 = Debug|Any CPU
		{FE7C0581-C075-407F-89F8-976E9F4CCE55}.Release|Any CPU.ActiveCfg = Release|Any CPU
		{FE7C0581-C075-407F-89F8-976E9F4CCE55}.Release|Any CPU.Build.0 = Release|Any CPU
		{BC14775E-0987-4361-A281-B730147E6991}.Debug|Any CPU.ActiveCfg = Debug|Any CPU
		{BC14775E-0987-4361-A281-B730147E6991}.Debug|Any CPU.Build.0 = Debug|Any CPU
		{BC14775E-0987-4361-A281-B730147E6991}.Release|Any CPU.ActiveCfg = Release|Any CPU
		{BC14775E-0987-4361-A281-B730147E6991}.Release|Any CPU.Build.0 = Release|Any CPU
	EndGlobalSection
	GlobalSection(SolutionProperties) = preSolution
		HideSolutionNode = FALSE
	EndGlobalSection
	GlobalSection(ExtensibilityGlobals) = postSolution
		SolutionGuid = {1F832C57-E02B-4816-82EC-7F161BEDEAC6}
	EndGlobalSection
EndGlobal
